
Microsoft Visual Studio Solution File, Format Version 12.00
# Visual Studio Version 17
VisualStudioVersion = 17.1.32228.430
MinimumVisualStudioVersion = 10.0.40219.1
Project("{2150E333-8FDC-42A3-9474-1A3956D46DE8}") = "Src", "Src", "{B0E28586-9234-413F-8BF9-35AC1A16E448}"
EndProject
Project("{2150E333-8FDC-42A3-9474-1A3956D46DE8}") = "Test", "Test", "{31B616BF-A456-41B1-8CBC-1B612C0AA440}"
EndProject
Project("{2150E333-8FDC-42A3-9474-1A3956D46DE8}") = "Api", "Api", "{198CD5F2-4F9B-49C9-A04D-7D8745A3D4F5}"
EndProject
Project("{2150E333-8FDC-42A3-9474-1A3956D46DE8}") = "Core", "Core", "{0FF273F3-4B8B-4447-AB3B-F91D61FFD3FE}"
EndProject
Project("{2150E333-8FDC-42A3-9474-1A3956D46DE8}") = "Ui", "Ui", "{2C3B165C-A629-4FB0-AE3A-CB328FC564BD}"
EndProject
Project("{9A19103F-16F7-4668-BE54-9A1E7A4F7556}") = "Cqrs.Domain", "Cqrs.Domain\Cqrs.Domain.csproj", "{4A126C45-A693-43E0-8294-7EAC97DDA674}"
EndProject
Project("{9A19103F-16F7-4668-BE54-9A1E7A4F7556}") = "Cqrs.Application", "Cqrs.Application\Cqrs.Application.csproj", "{0FC7F194-E2FB-4484-A7B4-A669975B5923}"
EndProject
Project("{2150E333-8FDC-42A3-9474-1A3956D46DE8}") = "Infrastructure", "Infrastructure", "{6C0A693D-C904-4480-A6CC-EB6C960FAD61}"
EndProject
Project("{9A19103F-16F7-4668-BE54-9A1E7A4F7556}") = "Cqrs.Persistence", "Cqrs.Persistence\Cqrs.Persistence.csproj", "{22CC5271-65A5-488F-932D-19E90DF4C6FF}"
EndProject
Project("{9A19103F-16F7-4668-BE54-9A1E7A4F7556}") = "Cqrs.Infrastructure", "Cqrs.Infrastructure\Cqrs.Infrastructure.csproj", "{EF5A7AB8-1879-4BC3-976B-1BD923B6EA0C}"
EndProject
Project("{9A19103F-16F7-4668-BE54-9A1E7A4F7556}") = "Cqrs.Api", "Cqrs.Api\Cqrs.Api.csproj", "{BE3904F4-3594-4A73-86F3-8EBC2943F481}"
EndProject
Project("{FAE04EC0-301F-11D3-BF4B-00C04F79EFBC}") = "Cqrs.UnitTest", "Cqrs.UnitTest\Cqrs.UnitTest.csproj", "{D32384F8-9A07-49B7-8C6A-531B64C76314}"
EndProject
Global
	GlobalSection(SolutionConfigurationPlatforms) = preSolution
		Debug|Any CPU = Debug|Any CPU
		Release|Any CPU = Release|Any CPU
	EndGlobalSection
	GlobalSection(ProjectConfigurationPlatforms) = postSolution
		{4A126C45-A693-43E0-8294-7EAC97DDA674}.Debug|Any CPU.ActiveCfg = Debug|Any CPU
		{4A126C45-A693-43E0-8294-7EAC97DDA674}.Debug|Any CPU.Build.0 = Debug|Any CPU
		{4A126C45-A693-43E0-8294-7EAC97DDA674}.Release|Any CPU.ActiveCfg = Release|Any CPU
		{4A126C45-A693-43E0-8294-7EAC97DDA674}.Release|Any CPU.Build.0 = Release|Any CPU
		{0FC7F194-E2FB-4484-A7B4-A669975B5923}.Debug|Any CPU.ActiveCfg = Debug|Any CPU
		{0FC7F194-E2FB-4484-A7B4-A669975B5923}.Debug|Any CPU.Build.0 = Debug|Any CPU
		{0FC7F194-E2FB-4484-A7B4-A669975B5923}.Release|Any CPU.ActiveCfg = Release|Any CPU
		{0FC7F194-E2FB-4484-A7B4-A669975B5923}.Release|Any CPU.Build.0 = Release|Any CPU
		{22CC5271-65A5-488F-932D-19E90DF4C6FF}.Debug|Any CPU.ActiveCfg = Debug|Any CPU
		{22CC5271-65A5-488F-932D-19E90DF4C6FF}.Debug|Any CPU.Build.0 = Debug|Any CPU
		{22CC5271-65A5-488F-932D-19E90DF4C6FF}.Release|Any CPU.ActiveCfg = Release|Any CPU
		{22CC5271-65A5-488F-932D-19E90DF4C6FF}.Release|Any CPU.Build.0 = Release|Any CPU
		{EF5A7AB8-1879-4BC3-976B-1BD923B6EA0C}.Debug|Any CPU.ActiveCfg = Debug|Any CPU
		{EF5A7AB8-1879-4BC3-976B-1BD923B6EA0C}.Debug|Any CPU.Build.0 = Debug|Any CPU
		{EF5A7AB8-1879-4BC3-976B-1BD923B6EA0C}.Release|Any CPU.ActiveCfg = Release|Any CPU
		{EF5A7AB8-1879-4BC3-976B-1BD923B6EA0C}.Release|Any CPU.Build.0 = Release|Any CPU
		{BE3904F4-3594-4A73-86F3-8EBC2943F481}.Debug|Any CPU.ActiveCfg = Debug|Any CPU
		{BE3904F4-3594-4A73-86F3-8EBC2943F481}.Debug|Any CPU.Build.0 = Debug|Any CPU
		{BE3904F4-3594-4A73-86F3-8EBC2943F481}.Release|Any CPU.ActiveCfg = Release|Any CPU
		{BE3904F4-3594-4A73-86F3-8EBC2943F481}.Release|Any CPU.Build.0 = Release|Any CPU
		{D32384F8-9A07-49B7-8C6A-531B64C76314}.Debug|Any CPU.ActiveCfg = Debug|Any CPU
		{D32384F8-9A07-49B7-8C6A-531B64C76314}.Debug|Any CPU.Build.0 = Debug|Any CPU
		{D32384F8-9A07-49B7-8C6A-531B64C76314}.Release|Any CPU.ActiveCfg = Release|Any CPU
		{D32384F8-9A07-49B7-8C6A-531B64C76314}.Release|Any CPU.Build.0 = Release|Any CPU
	EndGlobalSection
	GlobalSection(SolutionProperties) = preSolution
		HideSolutionNode = FALSE
	EndGlobalSection
	GlobalSection(NestedProjects) = preSolution
		{198CD5F2-4F9B-49C9-A04D-7D8745A3D4F5} = {B0E28586-9234-413F-8BF9-35AC1A16E448}
		{0FF273F3-4B8B-4447-AB3B-F91D61FFD3FE} = {B0E28586-9234-413F-8BF9-35AC1A16E448}
		{2C3B165C-A629-4FB0-AE3A-CB328FC564BD} = {B0E28586-9234-413F-8BF9-35AC1A16E448}
		{4A126C45-A693-43E0-8294-7EAC97DDA674} = {0FF273F3-4B8B-4447-AB3B-F91D61FFD3FE}
		{0FC7F194-E2FB-4484-A7B4-A669975B5923} = {0FF273F3-4B8B-4447-AB3B-F91D61FFD3FE}
		{6C0A693D-C904-4480-A6CC-EB6C960FAD61} = {B0E28586-9234-413F-8BF9-35AC1A16E448}
		{22CC5271-65A5-488F-932D-19E90DF4C6FF} = {6C0A693D-C904-4480-A6CC-EB6C960FAD61}
		{EF5A7AB8-1879-4BC3-976B-1BD923B6EA0C} = {6C0A693D-C904-4480-A6CC-EB6C960FAD61}
		{BE3904F4-3594-4A73-86F3-8EBC2943F481} = {198CD5F2-4F9B-49C9-A04D-7D8745A3D4F5}
		{D32384F8-9A07-49B7-8C6A-531B64C76314} = {31B616BF-A456-41B1-8CBC-1B612C0AA440}
	EndGlobalSection
	GlobalSection(ExtensibilityGlobals) = postSolution
		SolutionGuid = {1EE2336A-AD5C-4E3E-B75E-0BC0F3CAAC6C}
	EndGlobalSection
EndGlobal
